{
	"name": "TweetDeck-Decompiler",
	"version": "1.9.0",
	"lockfileVersion": 1,
	"requires": true,
	"dependencies": {
		"abbrev": {
			"version": "1.1.1",
			"resolved": "https://registry.npmjs.org/abbrev/-/abbrev-1.1.1.tgz",
			"integrity": "sha512-nne9/IiQ/hzIhY6pdDnbBtz7DjPTKrY00P/zvPSm5pOFkl6xuGrGnXn/VtTNNfNtAfZ9/1RtehkszU9qcTii0Q=="
		},
		"acorn": {
			"version": "5.7.4",
			"resolved": "https://registry.npmjs.org/acorn/-/acorn-5.7.4.tgz",
			"integrity": "sha512-1D++VG7BhrtvQpNbBzovKNc1FLGGEE/oGe7b9xJm/RFHMBeUaUGpluV9RLjZa47YFdPcDAenEYuq9pQPcMdLJg=="
		},
		"array-from": {
			"version": "2.1.1",
			"resolved": "https://registry.npmjs.org/array-from/-/array-from-2.1.1.tgz",
			"integrity": "sha1-z+nYwmYoudxa7MYqn12PHzUsEZU="
		},
		"astring": {
			"version": "1.4.2",
			"resolved": "https://registry.npmjs.org/astring/-/astring-1.4.2.tgz",
			"integrity": "sha512-AmMytzXJ3p1dC0jfXUxH2AO0b8IsoOFKj160kVMUvUtajJl6S8EO3VYPod1TM2Xdvzf8p/Jh0Tx3ZkgdYMCsqw=="
		},
		"balanced-match": {
			"version": "1.0.0",
			"resolved": "https://registry.npmjs.org/balanced-match/-/balanced-match-1.0.0.tgz",
			"integrity": "sha1-ibTRmasr7kneFk6gK4nORi1xt2c="
		},
		"brace-expansion": {
			"version": "1.1.11",
			"resolved": "https://registry.npmjs.org/brace-expansion/-/brace-expansion-1.1.11.tgz",
			"integrity": "sha512-iCuPHDFgrHX7H2vEI/5xpz07zSHB00TpugqhmYtVmMO6518mCuRMoOYFldEBl0g187ufozdaHgWKcYFb61qGiA==",
			"requires": {
				"balanced-match": "^1.0.0",
				"concat-map": "0.0.1"
			}
		},
		"commander": {
			"version": "2.20.3",
			"resolved": "https://registry.npmjs.org/commander/-/commander-2.20.3.tgz",
			"integrity": "sha512-GpVkmM8vF2vQUkj2LvZmD35JxeJOLCwJ9cUkugyk2nuhbv3+mJvpLYYt+0+USMxE+oj+ey/lJEnhZw75x/OMcQ=="
		},
		"concat-map": {
			"version": "0.0.1",
			"resolved": "https://registry.npmjs.org/concat-map/-/concat-map-0.0.1.tgz",
			"integrity": "sha1-2Klr13/Wjfd5OnMDajug1UBdR3s="
		},
		"config-chain": {
			"version": "1.1.12",
			"resolved": "https://registry.npmjs.org/config-chain/-/config-chain-1.1.12.tgz",
			"integrity": "sha512-a1eOIcu8+7lUInge4Rpf/n4Krkf3Dd9lqhljRzII1/Zno/kRtUWnznPO3jOKBmTEktkt3fkxisUcivoj0ebzoA==",
			"requires": {
				"ini": "^1.3.4",
				"proto-list": "~1.2.1"
			}
		},
		"d": {
			"version": "1.0.1",
			"resolved": "https://registry.npmjs.org/d/-/d-1.0.1.tgz",
			"integrity": "sha512-m62ShEObQ39CfralilEQRjH6oAMtNCV1xJyEx5LpRYUVN+EviphDgUc/F3hnYbADmkiNs67Y+3ylmlG7Lnu+FA==",
			"requires": {
				"es5-ext": "^0.10.50",
				"type": "^1.0.1"
			}
		},
		"editorconfig": {
			"version": "0.15.3",
			"resolved": "https://registry.npmjs.org/editorconfig/-/editorconfig-0.15.3.tgz",
			"integrity": "sha512-M9wIMFx96vq0R4F+gRpY3o2exzb8hEj/n9S8unZtHSvYjibBp/iMufSzvmOcV/laG0ZtuTVGtiJggPOSW2r93g==",
			"requires": {
				"commander": "^2.19.0",
				"lru-cache": "^4.1.5",
				"semver": "^5.6.0",
				"sigmund": "^1.0.1"
			}
		},
		"es5-ext": {
			"version": "0.10.51",
			"resolved": "https://registry.npmjs.org/es5-ext/-/es5-ext-0.10.51.tgz",
			"integrity": "sha512-oRpWzM2WcLHVKpnrcyB7OW8j/s67Ba04JCm0WnNv3RiABSvs7mrQlutB8DBv793gKcp0XENR8Il8WxGTlZ73gQ==",
			"requires": {
				"es6-iterator": "~2.0.3",
				"es6-symbol": "~3.1.1",
				"next-tick": "^1.0.0"
			}
		},
		"es6-iterator": {
			"version": "2.0.3",
			"resolved": "https://registry.npmjs.org/es6-iterator/-/es6-iterator-2.0.3.tgz",
			"integrity": "sha1-p96IkUGgWpSwhUQDstCg+/qY87c=",
			"requires": {
				"d": "1",
				"es5-ext": "^0.10.35",
				"es6-symbol": "^3.1.1"
			}
		},
		"es6-map": {
			"version": "0.1.5",
			"resolved": "https://registry.npmjs.org/es6-map/-/es6-map-0.1.5.tgz",
			"integrity": "sha1-kTbgUD3MBqMBaQ8LsU/042TpSfA=",
			"requires": {
				"d": "1",
				"es5-ext": "~0.10.14",
				"es6-iterator": "~2.0.1",
				"es6-set": "~0.1.5",
				"es6-symbol": "~3.1.1",
				"event-emitter": "~0.3.5"
			}
		},
		"es6-set": {
			"version": "0.1.5",
			"resolved": "https://registry.npmjs.org/es6-set/-/es6-set-0.1.5.tgz",
			"integrity": "sha1-0rPsXU2ADO2BjbU40ol02wpzzLE=",
			"requires": {
				"d": "1",
				"es5-ext": "~0.10.14",
				"es6-iterator": "~2.0.1",
				"es6-symbol": "3.1.1",
				"event-emitter": "~0.3.5"
			},
			"dependencies": {
				"es6-symbol": {
					"version": "3.1.1",
					"resolved": "https://registry.npmjs.org/es6-symbol/-/es6-symbol-3.1.1.tgz",
					"integrity": "sha1-vwDvT9q2uhtG7Le2KbTH7VcVzHc=",
					"requires": {
						"d": "1",
						"es5-ext": "~0.10.14"
					}
				}
			}
		},
		"es6-symbol": {
			"version": "3.1.2",
			"resolved": "https://registry.npmjs.org/es6-symbol/-/es6-symbol-3.1.2.tgz",
			"integrity": "sha512-/ZypxQsArlv+KHpGvng52/Iz8by3EQPxhmbuz8yFG89N/caTFBSbcXONDw0aMjy827gQg26XAjP4uXFvnfINmQ==",
			"requires": {
				"d": "^1.0.1",
				"es5-ext": "^0.10.51"
			}
		},
		"estree-is-function": {
			"version": "1.0.0",
			"resolved": "https://registry.npmjs.org/estree-is-function/-/estree-is-function-1.0.0.tgz",
			"integrity": "sha512-nSCWn1jkSq2QAtkaVLJZY2ezwcFO161HVc174zL1KPW3RJ+O6C3eJb8Nx7OXzvhoEv+nLgSR1g71oWUHUDTrJA=="
		},
		"event-emitter": {
			"version": "0.3.5",
			"resolved": "https://registry.npmjs.org/event-emitter/-/event-emitter-0.3.5.tgz",
			"integrity": "sha1-34xp7vFkeSPHFXuc6DhAYQsCzDk=",
			"requires": {
				"d": "1",
				"es5-ext": "~0.10.14"
			}
		},
		"fs.realpath": {
			"version": "1.0.0",
			"resolved": "https://registry.npmjs.org/fs.realpath/-/fs.realpath-1.0.0.tgz",
			"integrity": "sha1-FQStJSMVjKpA20onh8sBQRmU6k8="
		},
		"get-assigned-identifiers": {
			"version": "1.2.0",
			"resolved": "https://registry.npmjs.org/get-assigned-identifiers/-/get-assigned-identifiers-1.2.0.tgz",
			"integrity": "sha512-mBBwmeGTrxEMO4pMaaf/uUEFHnYtwr8FTe8Y/mer4rcV/bye0qGm6pw1bGZFGStxC5O76c5ZAVBGnqHmOaJpdQ=="
		},
		"glob": {
			"version": "7.1.6",
			"resolved": "https://registry.npmjs.org/glob/-/glob-7.1.6.tgz",
			"integrity": "sha512-LwaxwyZ72Lk7vZINtNNrywX0ZuLyStrdDtabefZKAY5ZGJhVtgdznluResxNmPitE0SAO+O26sWTHeKSI2wMBA==",
			"requires": {
				"fs.realpath": "^1.0.0",
				"inflight": "^1.0.4",
				"inherits": "2",
				"minimatch": "^3.0.4",
				"once": "^1.3.0",
				"path-is-absolute": "^1.0.0"
			}
		},
		"graceful-fs": {
			"version": "4.2.2",
			"resolved": "https://registry.npmjs.org/graceful-fs/-/graceful-fs-4.2.2.tgz",
			"integrity": "sha512-IItsdsea19BoLC7ELy13q1iJFNmd7ofZH5+X/pJr90/nRoPEX0DJo1dHDbgtYWOhJhcCgMDTOw84RZ72q6lB+Q=="
		},
		"inflight": {
			"version": "1.0.6",
			"resolved": "https://registry.npmjs.org/inflight/-/inflight-1.0.6.tgz",
			"integrity": "sha1-Sb1jMdfQLQwJvJEKEHW6gWW1bfk=",
			"requires": {
				"once": "^1.3.0",
				"wrappy": "1"
			}
		},
		"inherits": {
			"version": "2.0.4",
			"resolved": "https://registry.npmjs.org/inherits/-/inherits-2.0.4.tgz",
			"integrity": "sha512-k/vGaX4/Yla3WzyMCvTQOXYeIHvqOKtnqBduzTHpzpQZzAskKMhZ2K+EnBiSM9zGSoIFeMpXKxa4dYeZIQqewQ=="
		},
		"ini": {
			"version": "1.3.5",
			"resolved": "https://registry.npmjs.org/ini/-/ini-1.3.5.tgz",
			"integrity": "sha512-RZY5huIKCMRWDUqZlEi72f/lmXKMvuszcMBduliQ3nnWbx9X/ZBQO7DijMEYS9EhHBb2qacRUMtC7svLwe0lcw=="
		},
		"js-beautify": {
			"version": "1.11.0",
			"resolved": "https://registry.npmjs.org/js-beautify/-/js-beautify-1.11.0.tgz",
			"integrity": "sha512-a26B+Cx7USQGSWnz9YxgJNMmML/QG2nqIaL7VVYPCXbqiKz8PN0waSNvroMtvAK6tY7g/wPdNWGEP+JTNIBr6A==",
			"requires": {
				"config-chain": "^1.1.12",
				"editorconfig": "^0.15.3",
				"glob": "^7.1.3",
				"mkdirp": "~1.0.3",
				"nopt": "^4.0.3"
			}
		},
		"klaw-sync": {
			"version": "6.0.0",
			"resolved": "https://registry.npmjs.org/klaw-sync/-/klaw-sync-6.0.0.tgz",
			"integrity": "sha512-nIeuVSzdCCs6TDPTqI8w1Yre34sSq7AkZ4B3sfOBbI2CgVSB4Du4aLQijFU2+lhAFCwt9+42Hel6lQNIv6AntQ==",
			"requires": {
				"graceful-fs": "^4.1.11"
			}
		},
		"lru-cache": {
			"version": "4.1.5",
			"resolved": "https://registry.npmjs.org/lru-cache/-/lru-cache-4.1.5.tgz",
			"integrity": "sha512-sWZlbEP2OsHNkXrMl5GYk/jKk70MBng6UU4YI/qGDYbgf6YbP4EvmqISbXCoJiRKs+1bSpFHVgQxvJ17F2li5g==",
			"requires": {
				"pseudomap": "^1.0.2",
				"yallist": "^2.1.2"
			}
		},
		"minimatch": {
			"version": "3.0.4",
			"resolved": "https://registry.npmjs.org/minimatch/-/minimatch-3.0.4.tgz",
			"integrity": "sha512-yJHVQEhyqPLUTgt9B83PXu6W3rx4MvvHvSUvToogpwoGDOUQ+yDrR0HRot+yOCdCO7u4hX3pWft6kWBBcqh0UA==",
			"requires": {
				"brace-expansion": "^1.1.7"
			}
		},
		"minimist": {
			"version": "1.2.5",
			"resolved": "https://registry.npmjs.org/minimist/-/minimist-1.2.5.tgz",
			"integrity": "sha512-FM9nNUYrRBAELZQT3xeZQ7fmMOBg6nWNmJKTcgsJeaLstP/UODVpGsr5OhXhhXg6f+qtJ8uiZ+PUxkDWcgIXLw=="
		},
		"mkdirp": {
			"version": "1.0.4",
			"resolved": "https://registry.npmjs.org/mkdirp/-/mkdirp-1.0.4.tgz",
			"integrity": "sha512-vVqVZQyf3WLx2Shd0qJ9xuvqgAyKPLAiqITEtqW0oIUjzo3PePDd6fW9iFz30ef7Ysp/oiWqbhszeGWW2T6Gzw=="
		},
		"multisplice": {
			"version": "1.0.0",
			"resolved": "https://registry.npmjs.org/multisplice/-/multisplice-1.0.0.tgz",
			"integrity": "sha512-KU5tVjIdTGsMb92JlWwEZCGrvtI1ku9G9GuNbWdQT/Ici1ztFXX0L8lWpbbC3pISVMfBNL56wdqplHvva2XSlA=="
		},
		"next-tick": {
			"version": "1.0.0",
			"resolved": "https://registry.npmjs.org/next-tick/-/next-tick-1.0.0.tgz",
			"integrity": "sha1-yobR/ogoFpsBICCOPchCS524NCw="
		},
		"nopt": {
			"version": "4.0.3",
			"resolved": "https://registry.npmjs.org/nopt/-/nopt-4.0.3.tgz",
			"integrity": "sha512-CvaGwVMztSMJLOeXPrez7fyfObdZqNUK1cPAEzLHrTybIua9pMdmmPR5YwtfNftIOMv3DPUhFaxsZMNTQO20Kg==",
			"requires": {
				"abbrev": "1",
				"osenv": "^0.1.4"
			}
		},
		"once": {
			"version": "1.4.0",
			"resolved": "https://registry.npmjs.org/once/-/once-1.4.0.tgz",
			"integrity": "sha1-WDsap3WWHUsROsF9nFC6753Xa9E=",
			"requires": {
				"wrappy": "1"
			}
		},
		"os-homedir": {
			"version": "1.0.2",
			"resolved": "https://registry.npmjs.org/os-homedir/-/os-homedir-1.0.2.tgz",
			"integrity": "sha1-/7xJiDNuDoM94MFox+8VISGqf7M="
		},
		"os-tmpdir": {
			"version": "1.0.2",
			"resolved": "https://registry.npmjs.org/os-tmpdir/-/os-tmpdir-1.0.2.tgz",
			"integrity": "sha1-u+Z0BseaqFxc/sdm/lc0VV36EnQ="
		},
		"osenv": {
			"version": "0.1.5",
			"resolved": "https://registry.npmjs.org/osenv/-/osenv-0.1.5.tgz",
			"integrity": "sha512-0CWcCECdMVc2Rw3U5w9ZjqX6ga6ubk1xDVKxtBQPK7wis/0F2r9T6k4ydGYhecl7YUBxBVxhL5oisPsNxAPe2g==",
			"requires": {
				"os-homedir": "^1.0.0",
				"os-tmpdir": "^1.0.0"
			}
		},
		"path-is-absolute": {
			"version": "1.0.1",
			"resolved": "https://registry.npmjs.org/path-is-absolute/-/path-is-absolute-1.0.1.tgz",
			"integrity": "sha1-F0uSaHNVNP+8es5r9TpanhtcX18="
		},
		"progress": {
			"version": "2.0.3",
			"resolved": "https://registry.npmjs.org/progress/-/progress-2.0.3.tgz",
			"integrity": "sha512-7PiHtLll5LdnKIMw100I+8xJXR5gW2QwWYkT6iJva0bXitZKa/XMrSbdmg3r2Xnaidz9Qumd0VPaMrZlF9V9sA=="
		},
		"proto-list": {
			"version": "1.2.4",
			"resolved": "https://registry.npmjs.org/proto-list/-/proto-list-1.2.4.tgz",
			"integrity": "sha1-IS1b/hMYMGpCD2QCuOJv85ZHqEk="
		},
		"pseudomap": {
			"version": "1.0.2",
			"resolved": "https://registry.npmjs.org/pseudomap/-/pseudomap-1.0.2.tgz",
			"integrity": "sha1-8FKijacOYYkX7wqKw0wa5aaChrM="
		},
		"scope-analyzer": {
			"version": "2.0.5",
			"resolved": "https://registry.npmjs.org/scope-analyzer/-/scope-analyzer-2.0.5.tgz",
			"integrity": "sha512-+U5H0417mnTEstCD5VwOYO7V4vYuSqwqjFap40ythe67bhMFL5C3UgPwyBv7KDJsqUBIKafOD57xMlh1rN7eaw==",
			"requires": {
				"array-from": "^2.1.1",
				"es6-map": "^0.1.5",
				"es6-set": "^0.1.5",
				"es6-symbol": "^3.1.1",
				"estree-is-function": "^1.0.0",
				"get-assigned-identifiers": "^1.1.0"
			}
		},
		"semver": {
			"version": "5.7.1",
			"resolved": "https://registry.npmjs.org/semver/-/semver-5.7.1.tgz",
			"integrity": "sha512-sauaDf/PZdVgrLTNYHRtpXa1iRiKcaebiKQ1BJdpQlWH2lCvexQdX55snPFyK7QzpudqbCI0qXFfOasHdyNDGQ=="
		},
		"sigmund": {
			"version": "1.0.1",
			"resolved": "https://registry.npmjs.org/sigmund/-/sigmund-1.0.1.tgz",
			"integrity": "sha1-P/IfGYytIXX587eBhT/ZTQ0ZtZA="
		},
		"simple-concat": {
			"version": "1.0.0",
			"resolved": "https://registry.npmjs.org/simple-concat/-/simple-concat-1.0.0.tgz",
			"integrity": "sha1-c0TLuLbib7J9ZrL8hvn21Zl1IcY="
		},
		"type": {
			"version": "1.0.3",
			"resolved": "https://registry.npmjs.org/type/-/type-1.0.3.tgz",
			"integrity": "sha512-51IMtNfVcee8+9GJvj0spSuFcZHe9vSib6Xtgsny1Km9ugyz2mbS08I3rsUIRYgJohFRFU1160sgRodYz378Hg=="
		},
		"webpack-unpack": {
			"version": "2.0.0",
			"resolved": "https://registry.npmjs.org/webpack-unpack/-/webpack-unpack-2.0.0.tgz",
			"integrity": "sha512-q5JDvIpAGujOm/p135rhcVGgejVitmjX2A7BqCF1sIsing2nYKWauGPif7m0U7QI0I5V88tW5CTv2SiTRY9dZw==",
			"requires": {
				"acorn": "^5.7.1",
				"astring": "^1.3.0",
				"minimist": "^1.2.0",
				"multisplice": "^1.0.0",
				"scope-analyzer": "^2.0.4",
				"simple-concat": "^1.0.0"
			}
		},
		"wrappy": {
			"version": "1.0.2",
			"resolved": "https://registry.npmjs.org/wrappy/-/wrappy-1.0.2.tgz",
			"integrity": "sha1-tSQ9jz7BqjXxNkYFvA0QNuMKtp8="
		},
		"yallist": {
			"version": "2.1.2",
			"resolved": "https://registry.npmjs.org/yallist/-/yallist-2.1.2.tgz",
			"integrity": "sha1-HBH5IY8HYImkfdUS+TxmmaaoHVI="
		}
	}
}
